<?xml version="1.0" encoding="utf-8"?>
<Project ToolsVersion="4.0" xmlns="http://schemas.microsoft.com/developer/msbuild/2003">
  <ItemGroup>
    <ClCompile Include="aco_test.cpp">
      <Filter>Source Files</Filter>
    </ClCompile>
    <ClCompile Include="cbtsp_test.cpp">
      <Filter>Source Files</Filter>
    </ClCompile>
    <ClCompile Include="config_test.cpp">
      <Filter>Source Files</Filter>
    </ClCompile>
    <ClCompile Include="construction_test.cpp">
      <Filter>Source Files</Filter>
    </ClCompile>
    <ClCompile Include="grasp_test.cpp">
      <Filter>Source Files</Filter>
    </ClCompile>
    <ClCompile Include="local_test.cpp">
      <Filter>Source Files</Filter>
    </ClCompile>
    <ClCompile Include="statistics_test.cpp">
      <Filter>Source Files</Filter>
    </ClCompile>
    <ClCompile Include="vnd_test.cpp">
      <Filter>Source Files</Filter>
    </ClCompile>
  </ItemGroup>
  <ItemGroup>
    <None Include="packages.config" />
  </ItemGroup>
  <ItemGroup>
    <Filter Include="Source Files">
      <UniqueIdentifier>{c6304723-8710-438a-8cbb-538543eae05f}</UniqueIdentifier>
    </Filter>
  </ItemGroup>
</Project>